Microsoft Visual Studio Solution File, Format Version 12.00
# Visual Studio 15
VisualStudioVersion = 15.0.26124.0
MinimumVisualStudioVersion = 15.0.26124.0
Project("{F2A71F9B-5D33-465A-A702-920D77279786}") = "docs", "docs\docs.fsproj", "{BFE30664-D871-4321-8813-839D7D827C93}"
EndProject
Project("{2150E333-8FDC-42A3-9474-1A3956D46DE8}") = "src", "src", "{FAC9A911-1567-405B-9480-24EDE1ABF2FD}"
EndProject
Project("{F2A71F9B-5D33-465A-A702-920D77279786}") = "Fable.BluePrint.Core", "src\Fable.BluePrint.Core\Fable.BluePrint.Core.fsproj", "{FD215962-3028-42A8-927D-0E95C57334F6}"
EndProject
Project("{F2A71F9B-5D33-465A-A702-920D77279786}") = "Fable.BluePrint.DateTime", "src\Fable.BluePrint.DateTime\Fable.BluePrint.DateTime.fsproj", "{4A3DF48D-D175-4B3D-A637-05C2DF7B2C3F}"
EndProject
Project("{F2A71F9B-5D33-465A-A702-920D77279786}") = "Fable.BluePrint.Select", "src\Fable.BluePrint.Select\Fable.BluePrint.Select.fsproj", "{5301269A-ED6B-4546-9ED8-C76D85B77C7C}"
EndProject
Project("{F2A71F9B-5D33-465A-A702-920D77279786}") = "Fable.BluePrint.Table", "src\Fable.BluePrint.Table\Fable.BluePrint.Table.fsproj", "{324788C2-8DD3-4B97-AEDD-23F06803968B}"
EndProject
Project("{F2A71F9B-5D33-465A-A702-920D77279786}") = "Fable.BluePrint.TimeZone", "src\Fable.BluePrint.TimeZone\Fable.BluePrint.TimeZone.fsproj", "{4B0A90C9-8FA1-4092-8FC8-569385CA2217}"
EndProject
Project("{F2A71F9B-5D33-465A-A702-920D77279786}") = "Fable.BluePrint.Icons", "src\Fable.BluePrint.Icons\Fable.BluePrint.Icons.fsproj", "{241900E9-8B32-40C5-A838-019D23156744}"
EndProject
Global
	GlobalSection(SolutionConfigurationPlatforms) = preSolution
		Debug|Any CPU = Debug|Any CPU
		Debug|x64 = Debug|x64
		Debug|x86 = Debug|x86
		Release|Any CPU = Release|Any CPU
		Release|x64 = Release|x64
		Release|x86 = Release|x86
	EndGlobalSection
	GlobalSection(SolutionProperties) = preSolution
		HideSolutionNode = FALSE
	EndGlobalSection
	GlobalSection(ProjectConfigurationPlatforms) = postSolution
		{BFE30664-D871-4321-8813-839D7D827C93}.Debug|Any CPU.ActiveCfg = Debug|Any CPU
		{BFE30664-D871-4321-8813-839D7D827C93}.Debug|Any CPU.Build.0 = Debug|Any CPU
		{BFE30664-D871-4321-8813-839D7D827C93}.Debug|x64.ActiveCfg = Debug|x64
		{BFE30664-D871-4321-8813-839D7D827C93}.Debug|x64.Build.0 = Debug|x64
		{BFE30664-D871-4321-8813-839D7D827C93}.Debug|x86.ActiveCfg = Debug|x86
		{BFE30664-D871-4321-8813-839D7D827C93}.Debug|x86.Build.0 = Debug|x86
		{BFE30664-D871-4321-8813-839D7D827C93}.Release|Any CPU.ActiveCfg = Release|Any CPU
		{BFE30664-D871-4321-8813-839D7D827C93}.Release|Any CPU.Build.0 = Release|Any CPU
		{BFE30664-D871-4321-8813-839D7D827C93}.Release|x64.ActiveCfg = Release|x64
		{BFE30664-D871-4321-8813-839D7D827C93}.Release|x64.Build.0 = Release|x64
		{BFE30664-D871-4321-8813-839D7D827C93}.Release|x86.ActiveCfg = Release|x86
		{BFE30664-D871-4321-8813-839D7D827C93}.Release|x86.Build.0 = Release|x86
		{FD215962-3028-42A8-927D-0E95C57334F6}.Debug|Any CPU.ActiveCfg = Debug|Any CPU
		{FD215962-3028-42A8-927D-0E95C57334F6}.Debug|Any CPU.Build.0 = Debug|Any CPU
		{FD215962-3028-42A8-927D-0E95C57334F6}.Debug|x64.ActiveCfg = Debug|Any CPU
		{FD215962-3028-42A8-927D-0E95C57334F6}.Debug|x64.Build.0 = Debug|Any CPU
		{FD215962-3028-42A8-927D-0E95C57334F6}.Debug|x86.ActiveCfg = Debug|Any CPU
		{FD215962-3028-42A8-927D-0E95C57334F6}.Debug|x86.Build.0 = Debug|Any CPU
		{FD215962-3028-42A8-927D-0E95C57334F6}.Release|Any CPU.ActiveCfg = Release|Any CPU
		{FD215962-3028-42A8-927D-0E95C57334F6}.Release|Any CPU.Build.0 = Release|Any CPU
		{FD215962-3028-42A8-927D-0E95C57334F6}.Release|x64.ActiveCfg = Release|Any CPU
		{FD215962-3028-42A8-927D-0E95C57334F6}.Release|x64.Build.0 = Release|Any CPU
		{FD215962-3028-42A8-927D-0E95C57334F6}.Release|x86.ActiveCfg = Release|Any CPU
		{FD215962-3028-42A8-927D-0E95C57334F6}.Release|x86.Build.0 = Release|Any CPU
		{4A3DF48D-D175-4B3D-A637-05C2DF7B2C3F}.Debug|Any CPU.ActiveCfg = Debug|Any CPU
		{4A3DF48D-D175-4B3D-A637-05C2DF7B2C3F}.Debug|Any CPU.Build.0 = Debug|Any CPU
		{4A3DF48D-D175-4B3D-A637-05C2DF7B2C3F}.Debug|x64.ActiveCfg = Debug|Any CPU
		{4A3DF48D-D175-4B3D-A637-05C2DF7B2C3F}.Debug|x64.Build.0 = Debug|Any CPU
		{4A3DF48D-D175-4B3D-A637-05C2DF7B2C3F}.Debug|x86.ActiveCfg = Debug|Any CPU
		{4A3DF48D-D175-4B3D-A637-05C2DF7B2C3F}.Debug|x86.Build.0 = Debug|Any CPU
		{4A3DF48D-D175-4B3D-A637-05C2DF7B2C3F}.Release|Any CPU.ActiveCfg = Release|Any CPU
		{4A3DF48D-D175-4B3D-A637-05C2DF7B2C3F}.Release|Any CPU.Build.0 = Release|Any CPU
		{4A3DF48D-D175-4B3D-A637-05C2DF7B2C3F}.Release|x64.ActiveCfg = Release|Any CPU
		{4A3DF48D-D175-4B3D-A637-05C2DF7B2C3F}.Release|x64.Build.0 = Release|Any CPU
		{4A3DF48D-D175-4B3D-A637-05C2DF7B2C3F}.Release|x86.ActiveCfg = Release|Any CPU
		{4A3DF48D-D175-4B3D-A637-05C2DF7B2C3F}.Release|x86.Build.0 = Release|Any CPU
		{5301269A-ED6B-4546-9ED8-C76D85B77C7C}.Debug|Any CPU.ActiveCfg = Debug|Any CPU
		{5301269A-ED6B-4546-9ED8-C76D85B77C7C}.Debug|Any CPU.Build.0 = Debug|Any CPU
		{5301269A-ED6B-4546-9ED8-C76D85B77C7C}.Debug|x64.ActiveCfg = Debug|Any CPU
		{5301269A-ED6B-4546-9ED8-C76D85B77C7C}.Debug|x64.Build.0 = Debug|Any CPU
		{5301269A-ED6B-4546-9ED8-C76D85B77C7C}.Debug|x86.ActiveCfg = Debug|Any CPU
		{5301269A-ED6B-4546-9ED8-C76D85B77C7C}.Debug|x86.Build.0 = Debug|Any CPU
		{5301269A-ED6B-4546-9ED8-C76D85B77C7C}.Release|Any CPU.ActiveCfg = Release|Any CPU
		{5301269A-ED6B-4546-9ED8-C76D85B77C7C}.Release|Any CPU.Build.0 = Release|Any CPU
		{5301269A-ED6B-4546-9ED8-C76D85B77C7C}.Release|x64.ActiveCfg = Release|Any CPU
		{5301269A-ED6B-4546-9ED8-C76D85B77C7C}.Release|x64.Build.0 = Release|Any CPU
		{5301269A-ED6B-4546-9ED8-C76D85B77C7C}.Release|x86.ActiveCfg = Release|Any CPU
		{5301269A-ED6B-4546-9ED8-C76D85B77C7C}.Release|x86.Build.0 = Release|Any CPU
		{324788C2-8DD3-4B97-AEDD-23F06803968B}.Debug|Any CPU.ActiveCfg = Debug|Any CPU
		{324788C2-8DD3-4B97-AEDD-23F06803968B}.Debug|Any CPU.Build.0 = Debug|Any CPU
		{324788C2-8DD3-4B97-AEDD-23F06803968B}.Debug|x64.ActiveCfg = Debug|Any CPU
		{324788C2-8DD3-4B97-AEDD-23F06803968B}.Debug|x64.Build.0 = Debug|Any CPU
		{324788C2-8DD3-4B97-AEDD-23F06803968B}.Debug|x86.ActiveCfg = Debug|Any CPU
		{324788C2-8DD3-4B97-AEDD-23F06803968B}.Debug|x86.Build.0 = Debug|Any CPU
		{324788C2-8DD3-4B97-AEDD-23F06803968B}.Release|Any CPU.ActiveCfg = Release|Any CPU
		{324788C2-8DD3-4B97-AEDD-23F06803968B}.Release|Any CPU.Build.0 = Release|Any CPU
		{324788C2-8DD3-4B97-AEDD-23F06803968B}.Release|x64.ActiveCfg = Release|Any CPU
		{324788C2-8DD3-4B97-AEDD-23F06803968B}.Release|x64.Build.0 = Release|Any CPU
		{324788C2-8DD3-4B97-AEDD-23F06803968B}.Release|x86.ActiveCfg = Release|Any CPU
		{324788C2-8DD3-4B97-AEDD-23F06803968B}.Release|x86.Build.0 = Release|Any CPU
		{4B0A90C9-8FA1-4092-8FC8-569385CA2217}.Debug|Any CPU.ActiveCfg = Debug|Any CPU
		{4B0A90C9-8FA1-4092-8FC8-569385CA2217}.Debug|Any CPU.Build.0 = Debug|Any CPU
		{4B0A90C9-8FA1-4092-8FC8-569385CA2217}.Debug|x64.ActiveCfg = Debug|Any CPU
		{4B0A90C9-8FA1-4092-8FC8-569385CA2217}.Debug|x64.Build.0 = Debug|Any CPU
		{4B0A90C9-8FA1-4092-8FC8-569385CA2217}.Debug|x86.ActiveCfg = Debug|Any CPU
		{4B0A90C9-8FA1-4092-8FC8-569385CA2217}.Debug|x86.Build.0 = Debug|Any CPU
		{4B0A90C9-8FA1-4092-8FC8-569385CA2217}.Release|Any CPU.ActiveCfg = Release|Any CPU
		{4B0A90C9-8FA1-4092-8FC8-569385CA2217}.Release|Any CPU.Build.0 = Release|Any CPU
		{4B0A90C9-8FA1-4092-8FC8-569385CA2217}.Release|x64.ActiveCfg = Release|Any CPU
		{4B0A90C9-8FA1-4092-8FC8-569385CA2217}.Release|x64.Build.0 = Release|Any CPU
		{4B0A90C9-8FA1-4092-8FC8-569385CA2217}.Release|x86.ActiveCfg = Release|Any CPU
		{4B0A90C9-8FA1-4092-8FC8-569385CA2217}.Release|x86.Build.0 = Release|Any CPU
		{241900E9-8B32-40C5-A838-019D23156744}.Debug|Any CPU.ActiveCfg = Debug|Any CPU
		{241900E9-8B32-40C5-A838-019D23156744}.Debug|Any CPU.Build.0 = Debug|Any CPU
		{241900E9-8B32-40C5-A838-019D23156744}.Debug|x64.ActiveCfg = Debug|Any CPU
		{241900E9-8B32-40C5-A838-019D23156744}.Debug|x64.Build.0 = Debug|Any CPU
		{241900E9-8B32-40C5-A838-019D23156744}.Debug|x86.ActiveCfg = Debug|Any CPU
		{241900E9-8B32-40C5-A838-019D23156744}.Debug|x86.Build.0 = Debug|Any CPU
		{241900E9-8B32-40C5-A838-019D23156744}.Release|Any CPU.ActiveCfg = Release|Any CPU
		{241900E9-8B32-40C5-A838-019D23156744}.Release|Any CPU.Build.0 = Release|Any CPU
		{241900E9-8B32-40C5-A838-019D23156744}.Release|x64.ActiveCfg = Release|Any CPU
		{241900E9-8B32-40C5-A838-019D23156744}.Release|x64.Build.0 = Release|Any CPU
		{241900E9-8B32-40C5-A838-019D23156744}.Release|x86.ActiveCfg = Release|Any CPU
		{241900E9-8B32-40C5-A838-019D23156744}.Release|x86.Build.0 = Release|Any CPU
	EndGlobalSection
	GlobalSection(NestedProjects) = preSolution
		{FD215962-3028-42A8-927D-0E95C57334F6} = {FAC9A911-1567-405B-9480-24EDE1ABF2FD}
		{4A3DF48D-D175-4B3D-A637-05C2DF7B2C3F} = {FAC9A911-1567-405B-9480-24EDE1ABF2FD}
		{5301269A-ED6B-4546-9ED8-C76D85B77C7C} = {FAC9A911-1567-405B-9480-24EDE1ABF2FD}
		{324788C2-8DD3-4B97-AEDD-23F06803968B} = {FAC9A911-1567-405B-9480-24EDE1ABF2FD}
		{4B0A90C9-8FA1-4092-8FC8-569385CA2217} = {FAC9A911-1567-405B-9480-24EDE1ABF2FD}
		{241900E9-8B32-40C5-A838-019D23156744} = {FAC9A911-1567-405B-9480-24EDE1ABF2FD}
	EndGlobalSection
EndGlobal
